
Microsoft Visual Studio Solution File, Format Version 12.00
# Visual Studio Version 16
VisualStudioVersion = 16.0.32106.194
MinimumVisualStudioVersion = 10.0.40219.1
Project("{AB84F65A-7B23-48B2-A298-3257B1D47420}") = "BossOrderRando", "BossOrderRando\BossOrderRando.csproj", "{3B463BC9-2528-40E6-AEE4-5EAA18ECA7E7}"
EndProject
Global
	GlobalSection(SolutionConfigurationPlatforms) = preSolution
		Debug|Any CPU = Debug|Any CPU
		Release|Any CPU = Release|Any CPU
	EndGlobalSection
	GlobalSection(ProjectConfigurationPlatforms) = postSolution
		{3B463BC9-2528-40E6-AEE4-5EAA18ECA7E7}.Debug|Any CPU.ActiveCfg = Debug|Any CPU
		{3B463BC9-2528-40E6-AEE4-5EAA18ECA7E7}.Debug|Any CPU.Build.0 = Debug|Any CPU
		{3B463BC9-2528-40E6-AEE4-5EAA18ECA7E7}.Release|Any CPU.ActiveCfg = Release|Any CPU
		{3B463BC9-2528-40E6-AEE4-5EAA18ECA7E7}.Release|Any CPU.Build.0 = Release|Any CPU
	EndGlobalSection
	GlobalSection(SolutionProperties) = preSolution
		HideSolutionNode = FALSE
	EndGlobalSection
	GlobalSection(ExtensibilityGlobals) = postSolution
		SolutionGuid = {E91CA064-CC59-467B-BE01-4D489F7DD010}
	EndGlobalSection
EndGlobal
